// !$*UTF8*$!
{
	archiveVersion = 1;
	classes = {
	};
	objectVersion = 55;
	objects = {

/* Begin PBXBuildFile section */
		9C4CBCEF280F5FF40028BC0D /* KingfisherSwiftUI in Frameworks */ = {isa = PBXBuildFile; productRef = 9C4CBCEE280F5FF40028BC0D /* KingfisherSwiftUI */; };
		9C83B226280ECBF500055665 /* My_TinderAppApp.swift in Sources */ = {isa = PBXBuildFile; fileRef = 9C83B225280ECBF500055665 /* My_TinderAppApp.swift */; };
		9C83B228280ECBF500055665 /* ContentView.swift in Sources */ = {isa = PBXBuildFile; fileRef = 9C83B227280ECBF500055665 /* ContentView.swift */; };
		9C83B22A280ECBFA00055665 /* Assets.xcassets in Resources */ = {isa = PBXBuildFile; fileRef = 9C83B229280ECBFA00055665 /* Assets.xcassets */; };
		9C83B22D280ECBFA00055665 /* Preview Assets.xcassets in Resources */ = {isa = PBXBuildFile; fileRef = 9C83B22C280ECBFA00055665 /* Preview Assets.xcassets */; };
		9C83B234280ED3EE00055665 /* MainView.swift in Sources */ = {isa = PBXBuildFile; fileRef = 9C83B233280ED3EE00055665 /* MainView.swift */; };
		9C83B236280ED8BB00055665 /* TabBarButtonView.swift in Sources */ = {isa = PBXBuildFile; fileRef = 9C83B235280ED8BB00055665 /* TabBarButtonView.swift */; };
		9C83B238280F07C700055665 /* AppStateManager.swift in Sources */ = {isa = PBXBuildFile; fileRef = 9C83B237280F07C700055665 /* AppStateManager.swift */; };
		9C83B23C280F4C5200055665 /* Extensions.swift in Sources */ = {isa = PBXBuildFile; fileRef = 9C83B23B280F4C5200055665 /* Extensions.swift */; };
		9C83B23F280F54DA00055665 /* ProfileView.swift in Sources */ = {isa = PBXBuildFile; fileRef = 9C83B23E280F54DA00055665 /* ProfileView.swift */; };
		9C83B242280F5BC100055665 /* RoundedImage.swift in Sources */ = {isa = PBXBuildFile; fileRef = 9C83B241280F5BC100055665 /* RoundedImage.swift */; };
/* End PBXBuildFile section */

/* Begin PBXFileReference section */
		9C83B222280ECBF500055665 /* My_TinderApp.app */ = {isa = PBXFileReference; explicitFileType = wrapper.application; includeInIndex = 0; path = My_TinderApp.app; sourceTree = BUILT_PRODUCTS_DIR; };
		9C83B225280ECBF500055665 /* My_TinderAppApp.swift */ = {isa = PBXFileReference; lastKnownFileType = sourcecode.swift; path = My_TinderAppApp.swift; sourceTree = "<group>"; };
		9C83B227280ECBF500055665 /* ContentView.swift */ = {isa = PBXFileReference; lastKnownFileType = sourcecode.swift; path = ContentView.swift; sourceTree = "<group>"; };
		9C83B229280ECBFA00055665 /* Assets.xcassets */ = {isa = PBXFileReference; lastKnownFileType = folder.assetcatalog; path = Assets.xcassets; sourceTree = "<group>"; };
		9C83B22C280ECBFA00055665 /* Preview Assets.xcassets */ = {isa = PBXFileReference; lastKnownFileType = folder.assetcatalog; path = "Preview Assets.xcassets"; sourceTree = "<group>"; };
		9C83B233280ED3EE00055665 /* MainView.swift */ = {isa = PBXFileReference; lastKnownFileType = sourcecode.swift; path = MainView.swift; sourceTree = "<group>"; };
		9C83B235280ED8BB00055665 /* TabBarButtonView.swift */ = {isa = PBXFileReference; lastKnownFileType = sourcecode.swift; path = TabBarButtonView.swift; sourceTree = "<group>"; };
		9C83B237280F07C700055665 /* AppStateManager.swift */ = {isa = PBXFileReference; lastKnownFileType = sourcecode.swift; path = AppStateManager.swift; sourceTree = "<group>"; };
		9C83B23B280F4C5200055665 /* Extensions.swift */ = {isa = PBXFileReference; lastKnownFileType = sourcecode.swift; path = Extensions.swift; sourceTree = "<group>"; };
		9C83B23E280F54DA00055665 /* ProfileView.swift */ = {isa = PBXFileReference; lastKnownFileType = sourcecode.swift; path = ProfileView.swift; sourceTree = "<group>"; };
		9C83B241280F5BC100055665 /* RoundedImage.swift */ = {isa = PBXFileReference; lastKnownFileType = sourcecode.swift; path = RoundedImage.swift; sourceTree = "<group>"; };
/* End PBXFileReference section */

/* Begin PBXFrameworksBuildPhase section */
		9C83B21F280ECBF500055665 /* Frameworks */ = {
			isa = PBXFrameworksBuildPhase;
			buildActionMask = 2147483647;
			files = (
				9C4CBCEF280F5FF40028BC0D /* KingfisherSwiftUI in Frameworks */,
			);
			runOnlyForDeploymentPostprocessing = 0;
		};
/* End PBXFrameworksBuildPhase section */

/* Begin PBXGroup section */
		9C83B219280ECBF500055665 = {
			isa = PBXGroup;
			children = (
				9C83B224280ECBF500055665 /* My_TinderApp */,
				9C83B223280ECBF500055665 /* Products */,
			);
			sourceTree = "<group>";
		};
		9C83B223280ECBF500055665 /* Products */ = {
			isa = PBXGroup;
			children = (
				9C83B222280ECBF500055665 /* My_TinderApp.app */,
			);
			name = Products;
			sourceTree = "<group>";
		};
		9C83B224280ECBF500055665 /* My_TinderApp */ = {
			isa = PBXGroup;
			children = (
				9C83B225280ECBF500055665 /* My_TinderAppApp.swift */,
				9C83B227280ECBF500055665 /* ContentView.swift */,
				9C83B237280F07C700055665 /* AppStateManager.swift */,
				9C83B23D280F542100055665 /* MainTabBar */,
				9C83B240280F54F800055665 /* Profile */,
				9C83B23B280F4C5200055665 /* Extensions.swift */,
				9C83B241280F5BC100055665 /* RoundedImage.swift */,
				9C83B229280ECBFA00055665 /* Assets.xcassets */,
				9C83B22B280ECBFA00055665 /* Preview Content */,
			);
			path = My_TinderApp;
			sourceTree = "<group>";
		};
		9C83B22B280ECBFA00055665 /* Preview Content */ = {
			isa = PBXGroup;
			children = (
				9C83B22C280ECBFA00055665 /* Preview Assets.xcassets */,
			);
			path = "Preview Content";
			sourceTree = "<group>";
		};
		9C83B23D280F542100055665 /* MainTabBar */ = {
			isa = PBXGroup;
			children = (
				9C83B233280ED3EE00055665 /* MainView.swift */,
				9C83B235280ED8BB00055665 /* TabBarButtonView.swift */,
			);
			path = MainTabBar;
			sourceTree = "<group>";
		};
		9C83B240280F54F800055665 /* Profile */ = {
			isa = PBXGroup;
			children = (
				9C83B23E280F54DA00055665 /* ProfileView.swift */,
			);
			path = Profile;
			sourceTree = "<group>";
		};
/* End PBXGroup section */

/* Begin PBXNativeTarget section */
		9C83B221280ECBF500055665 /* My_TinderApp */ = {
			isa = PBXNativeTarget;
			buildConfigurationList = 9C83B230280ECBFA00055665 /* Build configuration list for PBXNativeTarget "My_TinderApp" */;
			buildPhases = (
				9C83B21E280ECBF500055665 /* Sources */,
				9C83B21F280ECBF500055665 /* Frameworks */,
				9C83B220280ECBF500055665 /* Resources */,
			);
			buildRules = (
			);
			dependencies = (
			);
			name = My_TinderApp;
			packageProductDependencies = (
				9C4CBCEE280F5FF40028BC0D /* KingfisherSwiftUI */,
			);
			productName = My_TinderApp;
			productReference = 9C83B222280ECBF500055665 /* My_TinderApp.app */;
			productType = "com.apple.product-type.application";
		};
/* End PBXNativeTarget section */

/* Begin PBXProject section */
		9C83B21A280ECBF500055665 /* Project object */ = {
			isa = PBXProject;
			attributes = {
				BuildIndependentTargetsInParallel = 1;
				LastSwiftUpdateCheck = 1330;
				LastUpgradeCheck = 1330;
				TargetAttributes = {
					9C83B221280ECBF500055665 = {
						CreatedOnToolsVersion = 13.3.1;
					};
				};
			};
			buildConfigurationList = 9C83B21D280ECBF500055665 /* Build configuration list for PBXProject "My_TinderApp" */;
			compatibilityVersion = "Xcode 13.0";
			developmentRegion = en;
			hasScannedForEncodings = 0;
			knownRegions = (
				en,
				Base,
			);
			mainGroup = 9C83B219280ECBF500055665;
			packageReferences = (
				9C4CBCED280F5FF40028BC0D /* XCRemoteSwiftPackageReference "Kingfisher" */,
			);
			productRefGroup = 9C83B223280ECBF500055665 /* Products */;
			projectDirPath = "";
			projectRoot = "";
			targets = (
				9C83B221280ECBF500055665 /* My_TinderApp */,
			);
		};
/* End PBXProject section */

/* Begin PBXResourcesBuildPhase section */
		9C83B220280ECBF500055665 /* Resources */ = {
			isa = PBXResourcesBuildPhase;
			buildActionMask = 2147483647;
			files = (
				9C83B22D280ECBFA00055665 /* Preview Assets.xcassets in Resources */,
				9C83B22A280ECBFA00055665 /* Assets.xcassets in Resources */,
			);
			runOnlyForDeploymentPostprocessing = 0;
		};
/* End PBXResourcesBuildPhase section */

/* Begin PBXSourcesBuildPhase section */
		9C83B21E280ECBF500055665 /* Sources */ = {
			isa = PBXSourcesBuildPhase;
			buildActionMask = 2147483647;
			files = (
				9C83B236280ED8BB00055665 /* TabBarButtonView.swift in Sources */,
				9C83B242280F5BC100055665 /* RoundedImage.swift in Sources */,
				9C83B23C280F4C5200055665 /* Extensions.swift in Sources */,
				9C83B228280ECBF500055665 /* ContentView.swift in Sources */,
				9C83B234280ED3EE00055665 /* MainView.swift in Sources */,
				9C83B226280ECBF500055665 /* My_TinderAppApp.swift in Sources */,
				9C83B23F280F54DA00055665 /* ProfileView.swift in Sources */,
				9C83B238280F07C700055665 /* AppStateManager.swift in Sources */,
			);
			runOnlyForDeploymentPostprocessing = 0;
		};
/* End PBXSourcesBuildPhase section */

/* Begin XCBuildConfiguration section */
		9C83B22E280ECBFA00055665 /* Debug */ = {
			isa = XCBuildConfiguration;
			buildSettings = {
				ALWAYS_SEARCH_USER_PATHS = NO;
				CLANG_ANALYZER_NONNULL = YES;
				CLANG_ANALYZER_NUMBER_OBJECT_CONVERSION = YES_AGGRESSIVE;
				CLANG_CXX_LANGUAGE_STANDARD = "gnu++17";
				CLANG_ENABLE_MODULES = YES;
				CLANG_ENABLE_OBJC_ARC = YES;
				CLANG_ENABLE_OBJC_WEAK = YES;
				CLANG_WARN_BLOCK_CAPTURE_AUTORELEASING = YES;
				CLANG_WARN_BOOL_CONVERSION = YES;
				CLANG_WARN_COMMA = YES;
				CLANG_WARN_CONSTANT_CONVERSION = YES;
				CLANG_WARN_DEPRECATED_OBJC_IMPLEMENTATIONS = YES;
				CLANG_WARN_DIRECT_OBJC_ISA_USAGE = YES_ERROR;
				CLANG_WARN_DOCUMENTATION_COMMENTS = YES;
				CLANG_WARN_EMPTY_BODY = YES;
				CLANG_WARN_ENUM_CONVERSION = YES;
				CLANG_WARN_INFINITE_RECURSION = YES;
				CLANG_WARN_INT_CONVERSION = YES;
				CLANG_WARN_NON_LITERAL_NULL_CONVERSION = YES;
				CLANG_WARN_OBJC_IMPLICIT_RETAIN_SELF = YES;
				CLANG_WARN_OBJC_LITERAL_CONVERSION = YES;
				CLANG_WARN_OBJC_ROOT_CLASS = YES_ERROR;
				CLANG_WARN_QUOTED_INCLUDE_IN_FRAMEWORK_HEADER = YES;
				CLANG_WARN_RANGE_LOOP_ANALYSIS = YES;
				CLANG_WARN_STRICT_PROTOTYPES = YES;
				CLANG_WARN_SUSPICIOUS_MOVE = YES;
				CLANG_WARN_UNGUARDED_AVAILABILITY = YES_AGGRESSIVE;
				CLANG_WARN_UNREACHABLE_CODE = YES;
				CLANG_WARN__DUPLICATE_METHOD_MATCH = YES;
				COPY_PHASE_STRIP = NO;
				DEBUG_INFORMATION_FORMAT = dwarf;
				ENABLE_STRICT_OBJC_MSGSEND = YES;
				ENABLE_TESTABILITY = YES;
				GCC_C_LANGUAGE_STANDARD = gnu11;
				GCC_DYNAMIC_NO_PIC = NO;
				GCC_NO_COMMON_BLOCKS = YES;
				GCC_OPTIMIZATION_LEVEL = 0;
				GCC_PREPROCESSOR_DEFINITIONS = (
					"DEBUG=1",
					"$(inherited)",
				);
				GCC_WARN_64_TO_32_BIT_CONVERSION = YES;
				GCC_WARN_ABOUT_RETURN_TYPE = YES_ERROR;
				GCC_WARN_UNDECLARED_SELECTOR = YES;
				GCC_WARN_UNINITIALIZED_AUTOS = YES_AGGRESSIVE;
				GCC_WARN_UNUSED_FUNCTION = YES;
				GCC_WARN_UNUSED_VARIABLE = YES;
				IPHONEOS_DEPLOYMENT_TARGET = 15.4;
				MTL_ENABLE_DEBUG_INFO = INCLUDE_SOURCE;
				MTL_FAST_MATH = YES;
				ONLY_ACTIVE_ARCH = YES;
				SDKROOT = iphoneos;
				SWIFT_ACTIVE_COMPILATION_CONDITIONS = DEBUG;
				SWIFT_OPTIMIZATION_LEVEL = "-Onone";
			};
			name = Debug;
		};
		9C83B22F280ECBFA00055665 /* Release */ = {
			isa = XCBuildConfiguration;
			buildSettings = {
				ALWAYS_SEARCH_USER_PATHS = NO;
				CLANG_ANALYZER_NONNULL = YES;
				CLANG_ANALYZER_NUMBER_OBJECT_CONVERSION = YES_AGGRESSIVE;
				CLANG_CXX_LANGUAGE_STANDARD = "gnu++17";
				CLANG_ENABLE_MODULES = YES;
				CLANG_ENABLE_OBJC_ARC = YES;
				CLANG_ENABLE_OBJC_WEAK = YES;
				CLANG_WARN_BLOCK_CAPTURE_AUTORELEASING = YES;
				CLANG_WARN_BOOL_CONVERSION = YES;
				CLANG_WARN_COMMA = YES;
				CLANG_WARN_CONSTANT_CONVERSION = YES;
				CLANG_WARN_DEPRECATED_OBJC_IMPLEMENTATIONS = YES;
				CLANG_WARN_DIRECT_OBJC_ISA_USAGE = YES_ERROR;
				CLANG_WARN_DOCUMENTATION_COMMENTS = YES;
				CLANG_WARN_EMPTY_BODY = YES;
				CLANG_WARN_ENUM_CONVERSION = YES;
				CLANG_WARN_INFINITE_RECURSION = YES;
				CLANG_WARN_INT_CONVERSION = YES;
				CLANG_WARN_NON_LITERAL_NULL_CONVERSION = YES;
				CLANG_WARN_OBJC_IMPLICIT_RETAIN_SELF = YES;
				CLANG_WARN_OBJC_LITERAL_CONVERSION = YES;
				CLANG_WARN_OBJC_ROOT_CLASS = YES_ERROR;
				CLANG_WARN_QUOTED_INCLUDE_IN_FRAMEWORK_HEADER = YES;
				CLANG_WARN_RANGE_LOOP_ANALYSIS = YES;
				CLANG_WARN_STRICT_PROTOTYPES = YES;
				CLANG_WARN_SUSPICIOUS_MOVE = YES;
				CLANG_WARN_UNGUARDED_AVAILABILITY = YES_AGGRESSIVE;
				CLANG_WARN_UNREACHABLE_CODE = YES;
				CLANG_WARN__DUPLICATE_METHOD_MATCH = YES;
				COPY_PHASE_STRIP = NO;
				DEBUG_INFORMATION_FORMAT = "dwarf-with-dsym";
				ENABLE_NS_ASSERTIONS = NO;
				ENABLE_STRICT_OBJC_MSGSEND = YES;
				GCC_C_LANGUAGE_STANDARD = gnu11;
				GCC_NO_COMMON_BLOCKS = YES;
				GCC_WARN_64_TO_32_BIT_CONVERSION = YES;
				GCC_WARN_ABOUT_RETURN_TYPE = YES_ERROR;
				GCC_WARN_UNDECLARED_SELECTOR = YES;
				GCC_WARN_UNINITIALIZED_AUTOS = YES_AGGRESSIVE;
				GCC_WARN_UNUSED_FUNCTION = YES;
				GCC_WARN_UNUSED_VARIABLE = YES;
				IPHONEOS_DEPLOYMENT_TARGET = 15.4;
				MTL_ENABLE_DEBUG_INFO = NO;
				MTL_FAST_MATH = YES;
				SDKROOT = iphoneos;
				SWIFT_COMPILATION_MODE = wholemodule;
				SWIFT_OPTIMIZATION_LEVEL = "-O";
				VALIDATE_PRODUCT = YES;
			};
			name = Release;
		};
		9C83B231280ECBFA00055665 /* Debug */ = {
			isa = XCBuildConfiguration;
			buildSettings = {
				ASSETCATALOG_COMPILER_APPICON_NAME = AppIcon;
				ASSETCATALOG_COMPILER_GLOBAL_ACCENT_COLOR_NAME = AccentColor;
				CODE_SIGN_STYLE = Automatic;
				CURRENT_PROJECT_VERSION = 1;
				DEVELOPMENT_ASSET_PATHS = "\"My_TinderApp/Preview Content\"";
				DEVELOPMENT_TEAM = H2R5HXV4G2;
				ENABLE_PREVIEWS = YES;
				GENERATE_INFOPLIST_FILE = YES;
				INFOPLIST_KEY_UIApplicationSceneManifest_Generation = YES;
				INFOPLIST_KEY_UIApplicationSupportsIndirectInputEvents = YES;
				INFOPLIST_KEY_UILaunchScreen_Generation = YES;
				INFOPLIST_KEY_UISupportedInterfaceOrientations_iPad = "UIInterfaceOrientationPortrait UIInterfaceOrientationPortraitUpsideDown UIInterfaceOrientationLandscapeLeft UIInterfaceOrientationLandscapeRight";
				INFOPLIST_KEY_UISupportedInterfaceOrientations_iPhone = "UIInterfaceOrientationPortrait UIInterfaceOrientationLandscapeLeft UIInterfaceOrientationLandscapeRight";
				LD_RUNPATH_SEARCH_PATHS = (
					"$(inherited)",
					"@executable_path/Frameworks",
				);
				MARKETING_VERSION = 1.0;
				PRODUCT_BUNDLE_IDENTIFIER = "com.amepocch.My-TinderApp";
				PRODUCT_NAME = "$(TARGET_NAME)";
				SWIFT_EMIT_LOC_STRINGS = YES;
				SWIFT_VERSION = 5.0;
				TARGETED_DEVICE_FAMILY = "1,2";
			};
			name = Debug;
		};
		9C83B232280ECBFA00055665 /* Release */ = {
			isa = XCBuildConfiguration;
			buildSettings = {
				ASSETCATALOG_COMPILER_APPICON_NAME = AppIcon;
				ASSETCATALOG_COMPILER_GLOBAL_ACCENT_COLOR_NAME = AccentColor;
				CODE_SIGN_STYLE = Automatic;
				CURRENT_PROJECT_VERSION = 1;
				DEVELOPMENT_ASSET_PATHS = "\"My_TinderApp/Preview Content\"";
				DEVELOPMENT_TEAM = H2R5HXV4G2;
				ENABLE_PREVIEWS = YES;
				GENERATE_INFOPLIST_FILE = YES;
				INFOPLIST_KEY_UIApplicationSceneManifest_Generation = YES;
				INFOPLIST_KEY_UIApplicationSupportsIndirectInputEvents = YES;
				INFOPLIST_KEY_UILaunchScreen_Generation = YES;
				INFOPLIST_KEY_UISupportedInterfaceOrientations_iPad = "UIInterfaceOrientationPortrait UIInterfaceOrientationPortraitUpsideDown UIInterfaceOrientationLandscapeLeft UIInterfaceOrientationLandscapeRight";
				INFOPLIST_KEY_UISupportedInterfaceOrientations_iPhone = "UIInterfaceOrientationPortrait UIInterfaceOrientationLandscapeLeft UIInterfaceOrientationLandscapeRight";
				LD_RUNPATH_SEARCH_PATHS = (
					"$(inherited)",
					"@executable_path/Frameworks",
				);
				MARKETING_VERSION = 1.0;
				PRODUCT_BUNDLE_IDENTIFIER = "com.amepocch.My-TinderApp";
				PRODUCT_NAME = "$(TARGET_NAME)";
				SWIFT_EMIT_LOC_STRINGS = YES;
				SWIFT_VERSION = 5.0;
				TARGETED_DEVICE_FAMILY = "1,2";
			};
			name = Release;
		};
/* End XCBuildConfiguration section */

/* Begin XCConfigurationList section */
		9C83B21D280ECBF500055665 /* Build configuration list for PBXProject "My_TinderApp" */ = {
			isa = XCConfigurationList;
			buildConfigurations = (
				9C83B22E280ECBFA00055665 /* Debug */,
				9C83B22F280ECBFA00055665 /* Release */,
			);
			defaultConfigurationIsVisible = 0;
			defaultConfigurationName = Release;
		};
		9C83B230280ECBFA00055665 /* Build configuration list for PBXNativeTarget "My_TinderApp" */ = {
			isa = XCConfigurationList;
			buildConfigurations = (
				9C83B231280ECBFA00055665 /* Debug */,
				9C83B232280ECBFA00055665 /* Release */,
			);
			defaultConfigurationIsVisible = 0;
			defaultConfigurationName = Release;
		};
/* End XCConfigurationList section */

/* Begin XCRemoteSwiftPackageReference section */
		9C4CBCED280F5FF40028BC0D /* XCRemoteSwiftPackageReference "Kingfisher" */ = {
			isa = XCRemoteSwiftPackageReference;
			repositoryURL = "http://github.com/onevcat/Kingfisher";
			requirement = {
				kind = exactVersion;
				version = 5.15.7;
			};
		};
/* End XCRemoteSwiftPackageReference section */

/* Begin XCSwiftPackageProductDependency section */
		9C4CBCEE280F5FF40028BC0D /* KingfisherSwiftUI */ = {
			isa = XCSwiftPackageProductDependency;
			package = 9C4CBCED280F5FF40028BC0D /* XCRemoteSwiftPackageReference "Kingfisher" */;
			productName = KingfisherSwiftUI;
		};
/* End XCSwiftPackageProductDependency section */
	};
	rootObject = 9C83B21A280ECBF500055665 /* Project object */;
}
